
Microsoft Visual Studio Solution File, Format Version 12.00
# Visual Studio Version 17
VisualStudioVersion = 17.11.35327.3
MinimumVisualStudioVersion = 10.0.40219.1
Project("{9A19103F-16F7-4668-BE54-9A1E7A4F7556}") = "App1", "ConsoleApp1\App1.csproj", "{DF3D8A81-D931-41E7-9675-0F98FE9B8318}"
EndProject
Project("{9A19103F-16F7-4668-BE54-9A1E7A4F7556}") = "App2", "App2\App2.csproj", "{E2495FC0-534E-4452-9CCE-B6F93DC09C49}"
EndProject
Project("{9A19103F-16F7-4668-BE54-9A1E7A4F7556}") = "App3", "App3\App3.csproj", "{C936BC2C-CDD9-4DCB-A0ED-F63F48DC0B75}"
EndProject
Project("{9A19103F-16F7-4668-BE54-9A1E7A4F7556}") = "App4", "App4\App4.csproj", "{92DB715F-80F3-44F5-8351-AA6128C17E8E}"
EndProject
Project("{9A19103F-16F7-4668-BE54-9A1E7A4F7556}") = "App6", "App6\App6.csproj", "{2615BB3B-677D-45AF-9555-4EF70AF65175}"
EndProject
Project("{9A19103F-16F7-4668-BE54-9A1E7A4F7556}") = "T01", "T1\T01.csproj", "{4304FC7B-4F88-4E7A-AEA6-8E8E32DB5216}"
EndProject
Project("{9A19103F-16F7-4668-BE54-9A1E7A4F7556}") = "T02", "T2\T02.csproj", "{1AEF2456-82E3-40DB-94BB-1F8A4E50F1BE}"
EndProject
Project("{9A19103F-16F7-4668-BE54-9A1E7A4F7556}") = "T03", "T3\T03.csproj", "{D54284A1-A93D-4F34-BAF1-6E50187A4CDB}"
EndProject
Project("{9A19103F-16F7-4668-BE54-9A1E7A4F7556}") = "T04", "T4\T04.csproj", "{6B57E9FB-F733-48A5-BCFE-788896AD1E75}"
EndProject
Project("{9A19103F-16F7-4668-BE54-9A1E7A4F7556}") = "T05", "T5\T05.csproj", "{5713A2C4-2688-47F6-B68E-59657EEA1DEF}"
EndProject
Project("{9A19103F-16F7-4668-BE54-9A1E7A4F7556}") = "App6_", "App6_\App6_.csproj", "{5C85F529-5290-46CC-ACCA-7C569291A87A}"
EndProject
Project("{9A19103F-16F7-4668-BE54-9A1E7A4F7556}") = "App9", "App9\App9.csproj", "{71AA658E-5586-4FAF-AD0D-D98C58B6F82D}"
EndProject
Project("{9A19103F-16F7-4668-BE54-9A1E7A4F7556}") = "App10", "App10\App10.csproj", "{6D7F3ACE-925B-4FEF-9A1C-24211EDBC44A}"
EndProject
Project("{9A19103F-16F7-4668-BE54-9A1E7A4F7556}") = "T06", "T6\T06.csproj", "{634029B0-8999-4504-8A48-AFE1A3F7FCCA}"
EndProject
Project("{9A19103F-16F7-4668-BE54-9A1E7A4F7556}") = "T07", "T7\T07.csproj", "{3925720B-C698-4F9A-AB72-89C41C891B97}"
EndProject
Project("{9A19103F-16F7-4668-BE54-9A1E7A4F7556}") = "T08", "T8\T08.csproj", "{EFAA1747-A7FA-4F3B-9F73-A6259290D0DD}"
EndProject
Project("{9A19103F-16F7-4668-BE54-9A1E7A4F7556}") = "T09", "T9\T09.csproj", "{21D6FA03-2145-4D2C-A9A5-5F9FEA1AEA47}"
EndProject
Project("{9A19103F-16F7-4668-BE54-9A1E7A4F7556}") = "T10", "T10\T10.csproj", "{F1AA57A5-04D5-489A-A020-B8BDDF0BDAF4}"
EndProject
Project("{9A19103F-16F7-4668-BE54-9A1E7A4F7556}") = "T11", "T11\T11.csproj", "{3AC35920-0E82-4A7B-9A5D-6C592C4F8950}"
EndProject
Project("{9A19103F-16F7-4668-BE54-9A1E7A4F7556}") = "T12", "T12\T12.csproj", "{B6F6838C-4DD3-45A3-A8A5-040A7AD67E3B}"
EndProject
Project("{9A19103F-16F7-4668-BE54-9A1E7A4F7556}") = "T13", "T13\T13.csproj", "{5E18D590-37D8-406B-B31B-18958F07664D}"
EndProject
Project("{9A19103F-16F7-4668-BE54-9A1E7A4F7556}") = "S11_Colectii de date", "S11_Colectii de date\S11_Colectii de date.csproj", "{B393FC31-B8C5-4E7A-B679-C4F73A65091E}"
EndProject
Project("{9A19103F-16F7-4668-BE54-9A1E7A4F7556}") = "S12_Arrays_Metode", "S12_Arrays_Metode\S12_Arrays_Metode.csproj", "{D0B2EB18-5C48-4568-88BC-072E02914767}"
EndProject
Project("{9A19103F-16F7-4668-BE54-9A1E7A4F7556}") = "App11", "A11App11\App11.csproj", "{3D7B27E8-BEFB-4881-983A-CD512B1D591C}"
EndProject
Project("{9A19103F-16F7-4668-BE54-9A1E7A4F7556}") = "App12", "App12\App12.csproj", "{E0B7E1C2-D9CE-419C-85FB-7ECF9352A5FB}"
EndProject
Project("{9A19103F-16F7-4668-BE54-9A1E7A4F7556}") = "App13", "App13\App13.csproj", "{E3AF79DB-5C75-4D32-BEBD-505805015F5D}"
EndProject
Project("{9A19103F-16F7-4668-BE54-9A1E7A4F7556}") = "App14", "App14\App14.csproj", "{28094CA2-CE9A-4E61-A78B-F18CEC561E74}"
EndProject
Project("{9A19103F-16F7-4668-BE54-9A1E7A4F7556}") = "S14_Clase", "S14_Clase\S14_Clase.csproj", "{A5DB3066-358A-4383-B733-F27BB880528D}"
EndProject
Project("{9A19103F-16F7-4668-BE54-9A1E7A4F7556}") = "ApplicationController", "ApplicationController\ApplicationController.csproj", "{FE095A1B-186B-49BF-A735-D5331050BFE7}"
EndProject
Project("{9A19103F-16F7-4668-BE54-9A1E7A4F7556}") = "TipurideClase", "TipurideClase\TipurideClase.csproj", "{9CBF4A6A-69E4-4A54-9B8E-6036574FD2C5}"
EndProject
Project("{9A19103F-16F7-4668-BE54-9A1E7A4F7556}") = "ITSchool.AppUtilities", "ITSchool.AppUtilities\ITSchool.AppUtilities.csproj", "{1FC390A1-D6DF-42E8-BC8A-D1D53C0520D0}"
EndProject
Project("{9A19103F-16F7-4668-BE54-9A1E7A4F7556}") = "Animale", "Animale\Animale.csproj", "{FC0F5BF0-A786-4CAA-9035-73F338FFD3CF}"
EndProject
Project("{9A19103F-16F7-4668-BE54-9A1E7A4F7556}") = "App15", "App15\App15.csproj", "{7516CD23-E639-40EA-BE20-7C7D5E110B60}"
EndProject
Project("{9A19103F-16F7-4668-BE54-9A1E7A4F7556}") = "App16", "App16\App16.csproj", "{A710EB30-E986-4F8B-8F4A-385F9B03EEB1}"
EndProject
Project("{9A19103F-16F7-4668-BE54-9A1E7A4F7556}") = "App17", "App17\App17.csproj", "{6C8337A4-CCA0-4B95-B3E1-D844B16BF724}"
EndProject
Project("{FAE04EC0-301F-11D3-BF4B-00C04F79EFBC}") = "Test2", "Test2\Test2.csproj", "{45B13696-0059-49E1-92E8-0A30BF5B4880}"
EndProject
Global
	GlobalSection(SolutionConfigurationPlatforms) = preSolution
		Debug|Any CPU = Debug|Any CPU
		Release|Any CPU = Release|Any CPU
	EndGlobalSection
	GlobalSection(ProjectConfigurationPlatforms) = postSolution
		{DF3D8A81-D931-41E7-9675-0F98FE9B8318}.Debug|Any CPU.ActiveCfg = Debug|Any CPU
		{DF3D8A81-D931-41E7-9675-0F98FE9B8318}.Debug|Any CPU.Build.0 = Debug|Any CPU
		{DF3D8A81-D931-41E7-9675-0F98FE9B8318}.Release|Any CPU.ActiveCfg = Release|Any CPU
		{DF3D8A81-D931-41E7-9675-0F98FE9B8318}.Release|Any CPU.Build.0 = Release|Any CPU
		{E2495FC0-534E-4452-9CCE-B6F93DC09C49}.Debug|Any CPU.ActiveCfg = Debug|Any CPU
		{E2495FC0-534E-4452-9CCE-B6F93DC09C49}.Debug|Any CPU.Build.0 = Debug|Any CPU
		{E2495FC0-534E-4452-9CCE-B6F93DC09C49}.Release|Any CPU.ActiveCfg = Release|Any CPU
		{E2495FC0-534E-4452-9CCE-B6F93DC09C49}.Release|Any CPU.Build.0 = Release|Any CPU
		{C936BC2C-CDD9-4DCB-A0ED-F63F48DC0B75}.Debug|Any CPU.ActiveCfg = Debug|Any CPU
		{C936BC2C-CDD9-4DCB-A0ED-F63F48DC0B75}.Debug|Any CPU.Build.0 = Debug|Any CPU
		{C936BC2C-CDD9-4DCB-A0ED-F63F48DC0B75}.Release|Any CPU.ActiveCfg = Release|Any CPU
		{C936BC2C-CDD9-4DCB-A0ED-F63F48DC0B75}.Release|Any CPU.Build.0 = Release|Any CPU
		{92DB715F-80F3-44F5-8351-AA6128C17E8E}.Debug|Any CPU.ActiveCfg = Debug|Any CPU
		{92DB715F-80F3-44F5-8351-AA6128C17E8E}.Debug|Any CPU.Build.0 = Debug|Any CPU
		{92DB715F-80F3-44F5-8351-AA6128C17E8E}.Release|Any CPU.ActiveCfg = Release|Any CPU
		{92DB715F-80F3-44F5-8351-AA6128C17E8E}.Release|Any CPU.Build.0 = Release|Any CPU
		{2615BB3B-677D-45AF-9555-4EF70AF65175}.Debug|Any CPU.ActiveCfg = Debug|Any CPU
		{2615BB3B-677D-45AF-9555-4EF70AF65175}.Debug|Any CPU.Build.0 = Debug|Any CPU
		{2615BB3B-677D-45AF-9555-4EF70AF65175}.Release|Any CPU.ActiveCfg = Release|Any CPU
		{2615BB3B-677D-45AF-9555-4EF70AF65175}.Release|Any CPU.Build.0 = Release|Any CPU
		{4304FC7B-4F88-4E7A-AEA6-8E8E32DB5216}.Debug|Any CPU.ActiveCfg = Debug|Any CPU
		{4304FC7B-4F88-4E7A-AEA6-8E8E32DB5216}.Debug|Any CPU.Build.0 = Debug|Any CPU
		{4304FC7B-4F88-4E7A-AEA6-8E8E32DB5216}.Release|Any CPU.ActiveCfg = Release|Any CPU
		{4304FC7B-4F88-4E7A-AEA6-8E8E32DB5216}.Release|Any CPU.Build.0 = Release|Any CPU
		{1AEF2456-82E3-40DB-94BB-1F8A4E50F1BE}.Debug|Any CPU.ActiveCfg = Debug|Any CPU
		{1AEF2456-82E3-40DB-94BB-1F8A4E50F1BE}.Debug|Any CPU.Build.0 = Debug|Any CPU
		{1AEF2456-82E3-40DB-94BB-1F8A4E50F1BE}.Release|Any CPU.ActiveCfg = Release|Any CPU
		{1AEF2456-82E3-40DB-94BB-1F8A4E50F1BE}.Release|Any CPU.Build.0 = Release|Any CPU
		{D54284A1-A93D-4F34-BAF1-6E50187A4CDB}.Debug|Any CPU.ActiveCfg = Debug|Any CPU
		{D54284A1-A93D-4F34-BAF1-6E50187A4CDB}.Debug|Any CPU.Build.0 = Debug|Any CPU
		{D54284A1-A93D-4F34-BAF1-6E50187A4CDB}.Release|Any CPU.ActiveCfg = Release|Any CPU
		{D54284A1-A93D-4F34-BAF1-6E50187A4CDB}.Release|Any CPU.Build.0 = Release|Any CPU
		{6B57E9FB-F733-48A5-BCFE-788896AD1E75}.Debug|Any CPU.ActiveCfg = Debug|Any CPU
		{6B57E9FB-F733-48A5-BCFE-788896AD1E75}.Debug|Any CPU.Build.0 = Debug|Any CPU
		{6B57E9FB-F733-48A5-BCFE-788896AD1E75}.Release|Any CPU.ActiveCfg = Release|Any CPU
		{6B57E9FB-F733-48A5-BCFE-788896AD1E75}.Release|Any CPU.Build.0 = Release|Any CPU
		{5713A2C4-2688-47F6-B68E-59657EEA1DEF}.Debug|Any CPU.ActiveCfg = Debug|Any CPU
		{5713A2C4-2688-47F6-B68E-59657EEA1DEF}.Debug|Any CPU.Build.0 = Debug|Any CPU
		{5713A2C4-2688-47F6-B68E-59657EEA1DEF}.Release|Any CPU.ActiveCfg = Release|Any CPU
		{5713A2C4-2688-47F6-B68E-59657EEA1DEF}.Release|Any CPU.Build.0 = Release|Any CPU
		{5C85F529-5290-46CC-ACCA-7C569291A87A}.Debug|Any CPU.ActiveCfg = Debug|Any CPU
		{5C85F529-5290-46CC-ACCA-7C569291A87A}.Debug|Any CPU.Build.0 = Debug|Any CPU
		{5C85F529-5290-46CC-ACCA-7C569291A87A}.Release|Any CPU.ActiveCfg = Release|Any CPU
		{5C85F529-5290-46CC-ACCA-7C569291A87A}.Release|Any CPU.Build.0 = Release|Any CPU
		{71AA658E-5586-4FAF-AD0D-D98C58B6F82D}.Debug|Any CPU.ActiveCfg = Debug|Any CPU
		{71AA658E-5586-4FAF-AD0D-D98C58B6F82D}.Debug|Any CPU.Build.0 = Debug|Any CPU
		{71AA658E-5586-4FAF-AD0D-D98C58B6F82D}.Release|Any CPU.ActiveCfg = Release|Any CPU
		{71AA658E-5586-4FAF-AD0D-D98C58B6F82D}.Release|Any CPU.Build.0 = Release|Any CPU
		{6D7F3ACE-925B-4FEF-9A1C-24211EDBC44A}.Debug|Any CPU.ActiveCfg = Debug|Any CPU
		{6D7F3ACE-925B-4FEF-9A1C-24211EDBC44A}.Debug|Any CPU.Build.0 = Debug|Any CPU
		{6D7F3ACE-925B-4FEF-9A1C-24211EDBC44A}.Release|Any CPU.ActiveCfg = Release|Any CPU
		{6D7F3ACE-925B-4FEF-9A1C-24211EDBC44A}.Release|Any CPU.Build.0 = Release|Any CPU
		{634029B0-8999-4504-8A48-AFE1A3F7FCCA}.Debug|Any CPU.ActiveCfg = Debug|Any CPU
		{634029B0-8999-4504-8A48-AFE1A3F7FCCA}.Debug|Any CPU.Build.0 = Debug|Any CPU
		{634029B0-8999-4504-8A48-AFE1A3F7FCCA}.Release|Any CPU.ActiveCfg = Release|Any CPU
		{634029B0-8999-4504-8A48-AFE1A3F7FCCA}.Release|Any CPU.Build.0 = Release|Any CPU
		{3925720B-C698-4F9A-AB72-89C41C891B97}.Debug|Any CPU.ActiveCfg = Debug|Any CPU
		{3925720B-C698-4F9A-AB72-89C41C891B97}.Debug|Any CPU.Build.0 = Debug|Any CPU
		{3925720B-C698-4F9A-AB72-89C41C891B97}.Release|Any CPU.ActiveCfg = Release|Any CPU
		{3925720B-C698-4F9A-AB72-89C41C891B97}.Release|Any CPU.Build.0 = Release|Any CPU
		{EFAA1747-A7FA-4F3B-9F73-A6259290D0DD}.Debug|Any CPU.ActiveCfg = Debug|Any CPU
		{EFAA1747-A7FA-4F3B-9F73-A6259290D0DD}.Debug|Any CPU.Build.0 = Debug|Any CPU
		{EFAA1747-A7FA-4F3B-9F73-A6259290D0DD}.Release|Any CPU.ActiveCfg = Release|Any CPU
		{EFAA1747-A7FA-4F3B-9F73-A6259290D0DD}.Release|Any CPU.Build.0 = Release|Any CPU
		{21D6FA03-2145-4D2C-A9A5-5F9FEA1AEA47}.Debug|Any CPU.ActiveCfg = Debug|Any CPU
		{21D6FA03-2145-4D2C-A9A5-5F9FEA1AEA47}.Debug|Any CPU.Build.0 = Debug|Any CPU
		{21D6FA03-2145-4D2C-A9A5-5F9FEA1AEA47}.Release|Any CPU.ActiveCfg = Release|Any CPU
		{21D6FA03-2145-4D2C-A9A5-5F9FEA1AEA47}.Release|Any CPU.Build.0 = Release|Any CPU
		{F1AA57A5-04D5-489A-A020-B8BDDF0BDAF4}.Debug|Any CPU.ActiveCfg = Debug|Any CPU
		{F1AA57A5-04D5-489A-A020-B8BDDF0BDAF4}.Debug|Any CPU.Build.0 = Debug|Any CPU
		{F1AA57A5-04D5-489A-A020-B8BDDF0BDAF4}.Release|Any CPU.ActiveCfg = Release|Any CPU
		{F1AA57A5-04D5-489A-A020-B8BDDF0BDAF4}.Release|Any CPU.Build.0 = Release|Any CPU
		{3AC35920-0E82-4A7B-9A5D-6C592C4F8950}.Debug|Any CPU.ActiveCfg = Debug|Any CPU
		{3AC35920-0E82-4A7B-9A5D-6C592C4F8950}.Debug|Any CPU.Build.0 = Debug|Any CPU
		{3AC35920-0E82-4A7B-9A5D-6C592C4F8950}.Release|Any CPU.ActiveCfg = Release|Any CPU
		{3AC35920-0E82-4A7B-9A5D-6C592C4F8950}.Release|Any CPU.Build.0 = Release|Any CPU
		{B6F6838C-4DD3-45A3-A8A5-040A7AD67E3B}.Debug|Any CPU.ActiveCfg = Debug|Any CPU
		{B6F6838C-4DD3-45A3-A8A5-040A7AD67E3B}.Debug|Any CPU.Build.0 = Debug|Any CPU
		{B6F6838C-4DD3-45A3-A8A5-040A7AD67E3B}.Release|Any CPU.ActiveCfg = Release|Any CPU
		{B6F6838C-4DD3-45A3-A8A5-040A7AD67E3B}.Release|Any CPU.Build.0 = Release|Any CPU
		{5E18D590-37D8-406B-B31B-18958F07664D}.Debug|Any CPU.ActiveCfg = Debug|Any CPU
		{5E18D590-37D8-406B-B31B-18958F07664D}.Debug|Any CPU.Build.0 = Debug|Any CPU
		{5E18D590-37D8-406B-B31B-18958F07664D}.Release|Any CPU.ActiveCfg = Release|Any CPU
		{5E18D590-37D8-406B-B31B-18958F07664D}.Release|Any CPU.Build.0 = Release|Any CPU
		{B393FC31-B8C5-4E7A-B679-C4F73A65091E}.Debug|Any CPU.ActiveCfg = Debug|Any CPU
		{B393FC31-B8C5-4E7A-B679-C4F73A65091E}.Debug|Any CPU.Build.0 = Debug|Any CPU
		{B393FC31-B8C5-4E7A-B679-C4F73A65091E}.Release|Any CPU.ActiveCfg = Release|Any CPU
		{B393FC31-B8C5-4E7A-B679-C4F73A65091E}.Release|Any CPU.Build.0 = Release|Any CPU
		{D0B2EB18-5C48-4568-88BC-072E02914767}.Debug|Any CPU.ActiveCfg = Debug|Any CPU
		{D0B2EB18-5C48-4568-88BC-072E02914767}.Debug|Any CPU.Build.0 = Debug|Any CPU
		{D0B2EB18-5C48-4568-88BC-072E02914767}.Release|Any CPU.ActiveCfg = Release|Any CPU
		{D0B2EB18-5C48-4568-88BC-072E02914767}.Release|Any CPU.Build.0 = Release|Any CPU
		{3D7B27E8-BEFB-4881-983A-CD512B1D591C}.Debug|Any CPU.ActiveCfg = Debug|Any CPU
		{3D7B27E8-BEFB-4881-983A-CD512B1D591C}.Debug|Any CPU.Build.0 = Debug|Any CPU
		{3D7B27E8-BEFB-4881-983A-CD512B1D591C}.Release|Any CPU.ActiveCfg = Release|Any CPU
		{3D7B27E8-BEFB-4881-983A-CD512B1D591C}.Release|Any CPU.Build.0 = Release|Any CPU
		{E0B7E1C2-D9CE-419C-85FB-7ECF9352A5FB}.Debug|Any CPU.ActiveCfg = Debug|Any CPU
		{E0B7E1C2-D9CE-419C-85FB-7ECF9352A5FB}.Debug|Any CPU.Build.0 = Debug|Any CPU
		{E0B7E1C2-D9CE-419C-85FB-7ECF9352A5FB}.Release|Any CPU.ActiveCfg = Release|Any CPU
		{E0B7E1C2-D9CE-419C-85FB-7ECF9352A5FB}.Release|Any CPU.Build.0 = Release|Any CPU
		{E3AF79DB-5C75-4D32-BEBD-505805015F5D}.Debug|Any CPU.ActiveCfg = Debug|Any CPU
		{E3AF79DB-5C75-4D32-BEBD-505805015F5D}.Debug|Any CPU.Build.0 = Debug|Any CPU
		{E3AF79DB-5C75-4D32-BEBD-505805015F5D}.Release|Any CPU.ActiveCfg = Release|Any CPU
		{E3AF79DB-5C75-4D32-BEBD-505805015F5D}.Release|Any CPU.Build.0 = Release|Any CPU
		{28094CA2-CE9A-4E61-A78B-F18CEC561E74}.Debug|Any CPU.ActiveCfg = Debug|Any CPU
		{28094CA2-CE9A-4E61-A78B-F18CEC561E74}.Debug|Any CPU.Build.0 = Debug|Any CPU
		{28094CA2-CE9A-4E61-A78B-F18CEC561E74}.Release|Any CPU.ActiveCfg = Release|Any CPU
		{28094CA2-CE9A-4E61-A78B-F18CEC561E74}.Release|Any CPU.Build.0 = Release|Any CPU
		{A5DB3066-358A-4383-B733-F27BB880528D}.Debug|Any CPU.ActiveCfg = Debug|Any CPU
		{A5DB3066-358A-4383-B733-F27BB880528D}.Debug|Any CPU.Build.0 = Debug|Any CPU
		{A5DB3066-358A-4383-B733-F27BB880528D}.Release|Any CPU.ActiveCfg = Release|Any CPU
		{A5DB3066-358A-4383-B733-F27BB880528D}.Release|Any CPU.Build.0 = Release|Any CPU
		{FE095A1B-186B-49BF-A735-D5331050BFE7}.Debug|Any CPU.ActiveCfg = Debug|Any CPU
		{FE095A1B-186B-49BF-A735-D5331050BFE7}.Debug|Any CPU.Build.0 = Debug|Any CPU
		{FE095A1B-186B-49BF-A735-D5331050BFE7}.Release|Any CPU.ActiveCfg = Release|Any CPU
		{FE095A1B-186B-49BF-A735-D5331050BFE7}.Release|Any CPU.Build.0 = Release|Any CPU
		{9CBF4A6A-69E4-4A54-9B8E-6036574FD2C5}.Debug|Any CPU.ActiveCfg = Debug|Any CPU
		{9CBF4A6A-69E4-4A54-9B8E-6036574FD2C5}.Debug|Any CPU.Build.0 = Debug|Any CPU
		{9CBF4A6A-69E4-4A54-9B8E-6036574FD2C5}.Release|Any CPU.ActiveCfg = Release|Any CPU
		{9CBF4A6A-69E4-4A54-9B8E-6036574FD2C5}.Release|Any CPU.Build.0 = Release|Any CPU
		{1FC390A1-D6DF-42E8-BC8A-D1D53C0520D0}.Debug|Any CPU.ActiveCfg = Debug|Any CPU
		{1FC390A1-D6DF-42E8-BC8A-D1D53C0520D0}.Debug|Any CPU.Build.0 = Debug|Any CPU
		{1FC390A1-D6DF-42E8-BC8A-D1D53C0520D0}.Release|Any CPU.ActiveCfg = Release|Any CPU
		{1FC390A1-D6DF-42E8-BC8A-D1D53C0520D0}.Release|Any CPU.Build.0 = Release|Any CPU
		{FC0F5BF0-A786-4CAA-9035-73F338FFD3CF}.Debug|Any CPU.ActiveCfg = Debug|Any CPU
		{FC0F5BF0-A786-4CAA-9035-73F338FFD3CF}.Debug|Any CPU.Build.0 = Debug|Any CPU
		{FC0F5BF0-A786-4CAA-9035-73F338FFD3CF}.Release|Any CPU.ActiveCfg = Release|Any CPU
		{FC0F5BF0-A786-4CAA-9035-73F338FFD3CF}.Release|Any CPU.Build.0 = Release|Any CPU
		{7516CD23-E639-40EA-BE20-7C7D5E110B60}.Debug|Any CPU.ActiveCfg = Debug|Any CPU
		{7516CD23-E639-40EA-BE20-7C7D5E110B60}.Debug|Any CPU.Build.0 = Debug|Any CPU
		{7516CD23-E639-40EA-BE20-7C7D5E110B60}.Release|Any CPU.ActiveCfg = Release|Any CPU
		{7516CD23-E639-40EA-BE20-7C7D5E110B60}.Release|Any CPU.Build.0 = Release|Any CPU
		{A710EB30-E986-4F8B-8F4A-385F9B03EEB1}.Debug|Any CPU.ActiveCfg = Debug|Any CPU
		{A710EB30-E986-4F8B-8F4A-385F9B03EEB1}.Debug|Any CPU.Build.0 = Debug|Any CPU
		{A710EB30-E986-4F8B-8F4A-385F9B03EEB1}.Release|Any CPU.ActiveCfg = Release|Any CPU
		{A710EB30-E986-4F8B-8F4A-385F9B03EEB1}.Release|Any CPU.Build.0 = Release|Any CPU
		{6C8337A4-CCA0-4B95-B3E1-D844B16BF724}.Debug|Any CPU.ActiveCfg = Debug|Any CPU
		{6C8337A4-CCA0-4B95-B3E1-D844B16BF724}.Debug|Any CPU.Build.0 = Debug|Any CPU
		{6C8337A4-CCA0-4B95-B3E1-D844B16BF724}.Release|Any CPU.ActiveCfg = Release|Any CPU
		{6C8337A4-CCA0-4B95-B3E1-D844B16BF724}.Release|Any CPU.Build.0 = Release|Any CPU
		{45B13696-0059-49E1-92E8-0A30BF5B4880}.Debug|Any CPU.ActiveCfg = Debug|Any CPU
		{45B13696-0059-49E1-92E8-0A30BF5B4880}.Debug|Any CPU.Build.0 = Debug|Any CPU
		{45B13696-0059-49E1-92E8-0A30BF5B4880}.Release|Any CPU.ActiveCfg = Release|Any CPU
		{45B13696-0059-49E1-92E8-0A30BF5B4880}.Release|Any CPU.Build.0 = Release|Any CPU
	EndGlobalSection
	GlobalSection(SolutionProperties) = preSolution
		HideSolutionNode = FALSE
	EndGlobalSection
	GlobalSection(ExtensibilityGlobals) = postSolution
		SolutionGuid = {97DE654B-A8E7-463E-9148-FF8E5048E707}
	EndGlobalSection
EndGlobal
